
Microsoft Visual Studio Solution File, Format Version 12.00
# Visual Studio Version 17
VisualStudioVersion = 17.11.35303.130
MinimumVisualStudioVersion = 10.0.40219.1
Project("{FAE04EC0-301F-11D3-BF4B-00C04F79EFBC}") = "TetrisGame", "TetrisGame\TetrisGame.csproj", "{B0456A44-CFE4-48FA-AF01-D736D56A7F5C}"
EndProject
Global
	GlobalSection(SolutionConfigurationPlatforms) = preSolution
		Debug|Any CPU = Debug|Any CPU
		Release|Any CPU = Release|Any CPU
	EndGlobalSection
	GlobalSection(ProjectConfigurationPlatforms) = postSolution
		{B0456A44-CFE4-48FA-AF01-D736D56A7F5C}.Debug|Any CPU.ActiveCfg = Debug|Any CPU
		{B0456A44-CFE4-48FA-AF01-D736D56A7F5C}.Debug|Any CPU.Build.0 = Debug|Any CPU
		{B0456A44-CFE4-48FA-AF01-D736D56A7F5C}.Release|Any CPU.ActiveCfg = Release|Any CPU
		{B0456A44-CFE4-48FA-AF01-D736D56A7F5C}.Release|Any CPU.Build.0 = Release|Any CPU
	EndGlobalSection
	GlobalSection(SolutionProperties) = preSolution
		HideSolutionNode = FALSE
	EndGlobalSection
	GlobalSection(ExtensibilityGlobals) = postSolution
		SolutionGuid = {D4A07490-E1FA-4AF9-AF3A-F8DC80732D15}
	EndGlobalSection
EndGlobal
